{
  "name": "backend",
  "lockfileVersion": 3,
  "requires": true,
  "packages": {
    "": {
      "devDependencies": {
        "@umbrik/webtutor-types": "^8.0.0",
        "typescript": "^4.4.4"
      }
    },
    "node_modules/@umbrik/webtutor-types": {
      "version": "8.0.0",
      "resolved": "https://registry.npmjs.org/@umbrik/webtutor-types/-/webtutor-types-8.0.0.tgz",
      "integrity": "sha512-D8EDxWHK+Zc6CBi0sMVChueS7oBAfaNzqGWtVhCwPCjKYqwjn/0DJGjVG6R3qZPxen3xxlXbxLE4w/RTo/Ky+g==",
      "dev": true
    },
    "node_modules/typescript": {
      "version": "4.4.4",
      "resolved": "https://registry.npmjs.org/typescript/-/typescript-4.4.4.tgz",
      "integrity": "sha512-DqGhF5IKoBl8WNf8C1gu8q0xZSInh9j1kJJMqT3a94w1JzVaBU4EXOSMrz9yDqMT0xt3selp83fuFMQ0uzv6qA==",
      "dev": true,
      "bin": {
        "tsc": "bin/tsc",
        "tsserver": "bin/tsserver"
      },
      "engines": {
        "node": ">=4.2.0"
      }
    }
  }
}
